
Microsoft Visual Studio Solution File, Format Version 12.00
Project("{F2A71F9B-5D33-465A-A702-920D77279786}") = "AdventOfCode", "AdventOfCode\AdventOfCode.fsproj", "{912CA177-02D9-4E93-B840-BE830D36D3EC}"
EndProject
Global
	GlobalSection(SolutionConfigurationPlatforms) = preSolution
		Debug|Any CPU = Debug|Any CPU
		Release|Any CPU = Release|Any CPU
	EndGlobalSection
	GlobalSection(ProjectConfigurationPlatforms) = postSolution
		{912CA177-02D9-4E93-B840-BE830D36D3EC}.Debug|Any CPU.ActiveCfg = Debug|Any CPU
		{912CA177-02D9-4E93-B840-BE830D36D3EC}.Debug|Any CPU.Build.0 = Debug|Any CPU
		{912CA177-02D9-4E93-B840-BE830D36D3EC}.Release|Any CPU.ActiveCfg = Release|Any CPU
		{912CA177-02D9-4E93-B840-BE830D36D3EC}.Release|Any CPU.Build.0 = Release|Any CPU
	EndGlobalSection
EndGlobal
